PODS:
  - Fritz (1.0.0-beta5)
  - SnapKit (4.0.0)

DEPENDENCIES:
  - Fritz (~> 1.0.0-beta)
  - SnapKit (~> 4.0.0)

SPEC CHECKSUMS:
  Fritz: a3bf484ce949e36748f1b365049be9e5b21a91c9
  SnapKit: a42d492c16e80209130a3379f73596c3454b7694

PODFILE CHECKSUM: 81a913d348978455288632a328227311aa9e0cf7

COCOAPODS: 1.4.0
